
Microsoft Visual Studio Solution File, Format Version 11.00
# Visual C# Express 2010
Project("{FAE04EC0-301F-11D3-BF4B-00C04F79EFBC}") = "FileUtilities", "FileUtilities\FileUtilities.csproj", "{17C7DAD6-4D5A-40AD-AB08-3CE9DE15E989}"
EndProject
Project("{FAE04EC0-301F-11D3-BF4B-00C04F79EFBC}") = "FileOrganizer", "FileOrganizer\FileOrganizer.csproj", "{10FB328B-1D6F-4F0A-AF4F-92048C6046FA}"
EndProject
Project("{FAE04EC0-301F-11D3-BF4B-00C04F79EFBC}") = "Rename", "Rename\Rename.csproj", "{EB7E5898-2796-42E9-A4E9-5CF9528A9D51}"
EndProject
Global
	GlobalSection(SolutionConfigurationPlatforms) = preSolution
		Debug|Any CPU = Debug|Any CPU
		Debug|Mixed Platforms = Debug|Mixed Platforms
		Debug|x86 = Debug|x86
		Release|Any CPU = Release|Any CPU
		Release|Mixed Platforms = Release|Mixed Platforms
		Release|x86 = Release|x86
	EndGlobalSection
	GlobalSection(ProjectConfigurationPlatforms) = postSolution
		{17C7DAD6-4D5A-40AD-AB08-3CE9DE15E989}.Debug|Any CPU.ActiveCfg = Debug|x86
		{17C7DAD6-4D5A-40AD-AB08-3CE9DE15E989}.Debug|Mixed Platforms.ActiveCfg = Debug|x86
		{17C7DAD6-4D5A-40AD-AB08-3CE9DE15E989}.Debug|Mixed Platforms.Build.0 = Debug|x86
		{17C7DAD6-4D5A-40AD-AB08-3CE9DE15E989}.Debug|x86.ActiveCfg = Debug|x86
		{17C7DAD6-4D5A-40AD-AB08-3CE9DE15E989}.Debug|x86.Build.0 = Debug|x86
		{17C7DAD6-4D5A-40AD-AB08-3CE9DE15E989}.Release|Any CPU.ActiveCfg = Release|x86
		{17C7DAD6-4D5A-40AD-AB08-3CE9DE15E989}.Release|Mixed Platforms.ActiveCfg = Release|x86
		{17C7DAD6-4D5A-40AD-AB08-3CE9DE15E989}.Release|Mixed Platforms.Build.0 = Release|x86
		{17C7DAD6-4D5A-40AD-AB08-3CE9DE15E989}.Release|x86.ActiveCfg = Release|x86
		{17C7DAD6-4D5A-40AD-AB08-3CE9DE15E989}.Release|x86.Build.0 = Release|x86
		{10FB328B-1D6F-4F0A-AF4F-92048C6046FA}.Debug|Any CPU.ActiveCfg = Debug|Any CPU
		{10FB328B-1D6F-4F0A-AF4F-92048C6046FA}.Debug|Any CPU.Build.0 = Debug|Any CPU
		{10FB328B-1D6F-4F0A-AF4F-92048C6046FA}.Debug|Mixed Platforms.ActiveCfg = Debug|Any CPU
		{10FB328B-1D6F-4F0A-AF4F-92048C6046FA}.Debug|Mixed Platforms.Build.0 = Debug|Any CPU
		{10FB328B-1D6F-4F0A-AF4F-92048C6046FA}.Debug|x86.ActiveCfg = Debug|Any CPU
		{10FB328B-1D6F-4F0A-AF4F-92048C6046FA}.Release|Any CPU.ActiveCfg = Release|Any CPU
		{10FB328B-1D6F-4F0A-AF4F-92048C6046FA}.Release|Any CPU.Build.0 = Release|Any CPU
		{10FB328B-1D6F-4F0A-AF4F-92048C6046FA}.Release|Mixed Platforms.ActiveCfg = Release|Any CPU
		{10FB328B-1D6F-4F0A-AF4F-92048C6046FA}.Release|Mixed Platforms.Build.0 = Release|Any CPU
		{10FB328B-1D6F-4F0A-AF4F-92048C6046FA}.Release|x86.ActiveCfg = Release|Any CPU
		{EB7E5898-2796-42E9-A4E9-5CF9528A9D51}.Debug|Any CPU.ActiveCfg = Debug|Any CPU
		{EB7E5898-2796-42E9-A4E9-5CF9528A9D51}.Debug|Any CPU.Build.0 = Debug|Any CPU
		{EB7E5898-2796-42E9-A4E9-5CF9528A9D51}.Debug|Mixed Platforms.ActiveCfg = Debug|Any CPU
		{EB7E5898-2796-42E9-A4E9-5CF9528A9D51}.Debug|Mixed Platforms.Build.0 = Debug|Any CPU
		{EB7E5898-2796-42E9-A4E9-5CF9528A9D51}.Debug|x86.ActiveCfg = Debug|Any CPU
		{EB7E5898-2796-42E9-A4E9-5CF9528A9D51}.Release|Any CPU.ActiveCfg = Release|Any CPU
		{EB7E5898-2796-42E9-A4E9-5CF9528A9D51}.Release|Any CPU.Build.0 = Release|Any CPU
		{EB7E5898-2796-42E9-A4E9-5CF9528A9D51}.Release|Mixed Platforms.ActiveCfg = Release|Any CPU
		{EB7E5898-2796-42E9-A4E9-5CF9528A9D51}.Release|Mixed Platforms.Build.0 = Release|Any CPU
		{EB7E5898-2796-42E9-A4E9-5CF9528A9D51}.Release|x86.ActiveCfg = Release|Any CPU
	EndGlobalSection
	GlobalSection(SolutionProperties) = preSolution
		HideSolutionNode = FALSE
	EndGlobalSection
EndGlobal
